
Microsoft Visual Studio Solution File, Format Version 12.00
# Visual Studio 14
VisualStudioVersion = 14.0.25420.1
MinimumVisualStudioVersion = 10.0.40219.1
Project("{FAE04EC0-301F-11D3-BF4B-00C04F79EFBC}") = "C19_Ex02_1", "C19_Ex02_1\C19_Ex02_1.csproj", "{02711325-4A58-4A4B-ADA7-D632E2D29369}"
EndProject
Project("{FAE04EC0-301F-11D3-BF4B-00C04F79EFBC}") = "UI", "UI\UI.csproj", "{6CC13E2D-0F20-4610-8EB4-9D1C61797900}"
EndProject
Project("{FAE04EC0-301F-11D3-BF4B-00C04F79EFBC}") = "BullsAndCows", "BullsEye\BullsAndCows.csproj", "{1EBC2ECD-9543-4A03-98F0-1F60BE17A9A1}"
EndProject
Project("{FAE04EC0-301F-11D3-BF4B-00C04F79EFBC}") = "UI.IOHandler", "InputHandler\UI.IOHandler.csproj", "{57A505AC-A9FC-4CEB-9A96-58FB8CC0854D}"
EndProject
Project("{FAE04EC0-301F-11D3-BF4B-00C04F79EFBC}") = "BullsAndCows.GameProperties", "BullsAndCows.GameProperties\BullsAndCows.GameProperties.csproj", "{379CC7C0-DF78-4898-A2C7-4EFD8CB1B5EF}"
EndProject
Project("{FAE04EC0-301F-11D3-BF4B-00C04F79EFBC}") = "BullsAndCows.GameBoard", "BullsAndCows.GameBoard\BullsAndCows.GameBoard.csproj", "{1D56F595-916D-4986-AFEE-B9F121083B17}"
EndProject
Global
	GlobalSection(SolutionConfigurationPlatforms) = preSolution
		Debug|Any CPU = Debug|Any CPU
		Debug|x64 = Debug|x64
		Debug|x86 = Debug|x86
		Release|Any CPU = Release|Any CPU
		Release|x64 = Release|x64
		Release|x86 = Release|x86
	EndGlobalSection
	GlobalSection(ProjectConfigurationPlatforms) = postSolution
		{02711325-4A58-4A4B-ADA7-D632E2D29369}.Debug|Any CPU.ActiveCfg = Debug|Any CPU
		{02711325-4A58-4A4B-ADA7-D632E2D29369}.Debug|Any CPU.Build.0 = Debug|Any CPU
		{02711325-4A58-4A4B-ADA7-D632E2D29369}.Debug|x64.ActiveCfg = Debug|Any CPU
		{02711325-4A58-4A4B-ADA7-D632E2D29369}.Debug|x64.Build.0 = Debug|Any CPU
		{02711325-4A58-4A4B-ADA7-D632E2D29369}.Debug|x86.ActiveCfg = Debug|Any CPU
		{02711325-4A58-4A4B-ADA7-D632E2D29369}.Debug|x86.Build.0 = Debug|Any CPU
		{02711325-4A58-4A4B-ADA7-D632E2D29369}.Release|Any CPU.ActiveCfg = Release|Any CPU
		{02711325-4A58-4A4B-ADA7-D632E2D29369}.Release|Any CPU.Build.0 = Release|Any CPU
		{02711325-4A58-4A4B-ADA7-D632E2D29369}.Release|x64.ActiveCfg = Release|Any CPU
		{02711325-4A58-4A4B-ADA7-D632E2D29369}.Release|x64.Build.0 = Release|Any CPU
		{02711325-4A58-4A4B-ADA7-D632E2D29369}.Release|x86.ActiveCfg = Release|Any CPU
		{02711325-4A58-4A4B-ADA7-D632E2D29369}.Release|x86.Build.0 = Release|Any CPU
		{6CC13E2D-0F20-4610-8EB4-9D1C61797900}.Debug|Any CPU.ActiveCfg = Debug|Any CPU
		{6CC13E2D-0F20-4610-8EB4-9D1C61797900}.Debug|Any CPU.Build.0 = Debug|Any CPU
		{6CC13E2D-0F20-4610-8EB4-9D1C61797900}.Debug|x64.ActiveCfg = Debug|Any CPU
		{6CC13E2D-0F20-4610-8EB4-9D1C61797900}.Debug|x64.Build.0 = Debug|Any CPU
		{6CC13E2D-0F20-4610-8EB4-9D1C61797900}.Debug|x86.ActiveCfg = Debug|Any CPU
		{6CC13E2D-0F20-4610-8EB4-9D1C61797900}.Debug|x86.Build.0 = Debug|Any CPU
		{6CC13E2D-0F20-4610-8EB4-9D1C61797900}.Release|Any CPU.ActiveCfg = Release|Any CPU
		{6CC13E2D-0F20-4610-8EB4-9D1C61797900}.Release|Any CPU.Build.0 = Release|Any CPU
		{6CC13E2D-0F20-4610-8EB4-9D1C61797900}.Release|x64.ActiveCfg = Release|Any CPU
		{6CC13E2D-0F20-4610-8EB4-9D1C61797900}.Release|x64.Build.0 = Release|Any CPU
		{6CC13E2D-0F20-4610-8EB4-9D1C61797900}.Release|x86.ActiveCfg = Release|Any CPU
		{6CC13E2D-0F20-4610-8EB4-9D1C61797900}.Release|x86.Build.0 = Release|Any CPU
		{1EBC2ECD-9543-4A03-98F0-1F60BE17A9A1}.Debug|Any CPU.ActiveCfg = Debug|Any CPU
		{1EBC2ECD-9543-4A03-98F0-1F60BE17A9A1}.Debug|Any CPU.Build.0 = Debug|Any CPU
		{1EBC2ECD-9543-4A03-98F0-1F60BE17A9A1}.Debug|x64.ActiveCfg = Debug|Any CPU
		{1EBC2ECD-9543-4A03-98F0-1F60BE17A9A1}.Debug|x64.Build.0 = Debug|Any CPU
		{1EBC2ECD-9543-4A03-98F0-1F60BE17A9A1}.Debug|x86.ActiveCfg = Debug|Any CPU
		{1EBC2ECD-9543-4A03-98F0-1F60BE17A9A1}.Debug|x86.Build.0 = Debug|Any CPU
		{1EBC2ECD-9543-4A03-98F0-1F60BE17A9A1}.Release|Any CPU.ActiveCfg = Release|Any CPU
		{1EBC2ECD-9543-4A03-98F0-1F60BE17A9A1}.Release|Any CPU.Build.0 = Release|Any CPU
		{1EBC2ECD-9543-4A03-98F0-1F60BE17A9A1}.Release|x64.ActiveCfg = Release|Any CPU
		{1EBC2ECD-9543-4A03-98F0-1F60BE17A9A1}.Release|x64.Build.0 = Release|Any CPU
		{1EBC2ECD-9543-4A03-98F0-1F60BE17A9A1}.Release|x86.ActiveCfg = Release|Any CPU
		{1EBC2ECD-9543-4A03-98F0-1F60BE17A9A1}.Release|x86.Build.0 = Release|Any CPU
		{57A505AC-A9FC-4CEB-9A96-58FB8CC0854D}.Debug|Any CPU.ActiveCfg = Debug|Any CPU
		{57A505AC-A9FC-4CEB-9A96-58FB8CC0854D}.Debug|Any CPU.Build.0 = Debug|Any CPU
		{57A505AC-A9FC-4CEB-9A96-58FB8CC0854D}.Debug|x64.ActiveCfg = Debug|Any CPU
		{57A505AC-A9FC-4CEB-9A96-58FB8CC0854D}.Debug|x64.Build.0 = Debug|Any CPU
		{57A505AC-A9FC-4CEB-9A96-58FB8CC0854D}.Debug|x86.ActiveCfg = Debug|Any CPU
		{57A505AC-A9FC-4CEB-9A96-58FB8CC0854D}.Debug|x86.Build.0 = Debug|Any CPU
		{57A505AC-A9FC-4CEB-9A96-58FB8CC0854D}.Release|Any CPU.ActiveCfg = Release|Any CPU
		{57A505AC-A9FC-4CEB-9A96-58FB8CC0854D}.Release|Any CPU.Build.0 = Release|Any CPU
		{57A505AC-A9FC-4CEB-9A96-58FB8CC0854D}.Release|x64.ActiveCfg = Release|Any CPU
		{57A505AC-A9FC-4CEB-9A96-58FB8CC0854D}.Release|x64.Build.0 = Release|Any CPU
		{57A505AC-A9FC-4CEB-9A96-58FB8CC0854D}.Release|x86.ActiveCfg = Release|Any CPU
		{57A505AC-A9FC-4CEB-9A96-58FB8CC0854D}.Release|x86.Build.0 = Release|Any CPU
		{379CC7C0-DF78-4898-A2C7-4EFD8CB1B5EF}.Debug|Any CPU.ActiveCfg = Debug|Any CPU
		{379CC7C0-DF78-4898-A2C7-4EFD8CB1B5EF}.Debug|Any CPU.Build.0 = Debug|Any CPU
		{379CC7C0-DF78-4898-A2C7-4EFD8CB1B5EF}.Debug|x64.ActiveCfg = Debug|Any CPU
		{379CC7C0-DF78-4898-A2C7-4EFD8CB1B5EF}.Debug|x64.Build.0 = Debug|Any CPU
		{379CC7C0-DF78-4898-A2C7-4EFD8CB1B5EF}.Debug|x86.ActiveCfg = Debug|Any CPU
		{379CC7C0-DF78-4898-A2C7-4EFD8CB1B5EF}.Debug|x86.Build.0 = Debug|Any CPU
		{379CC7C0-DF78-4898-A2C7-4EFD8CB1B5EF}.Release|Any CPU.ActiveCfg = Release|Any CPU
		{379CC7C0-DF78-4898-A2C7-4EFD8CB1B5EF}.Release|Any CPU.Build.0 = Release|Any CPU
		{379CC7C0-DF78-4898-A2C7-4EFD8CB1B5EF}.Release|x64.ActiveCfg = Release|Any CPU
		{379CC7C0-DF78-4898-A2C7-4EFD8CB1B5EF}.Release|x64.Build.0 = Release|Any CPU
		{379CC7C0-DF78-4898-A2C7-4EFD8CB1B5EF}.Release|x86.ActiveCfg = Release|Any CPU
		{379CC7C0-DF78-4898-A2C7-4EFD8CB1B5EF}.Release|x86.Build.0 = Release|Any CPU
		{1D56F595-916D-4986-AFEE-B9F121083B17}.Debug|Any CPU.ActiveCfg = Debug|Any CPU
		{1D56F595-916D-4986-AFEE-B9F121083B17}.Debug|Any CPU.Build.0 = Debug|Any CPU
		{1D56F595-916D-4986-AFEE-B9F121083B17}.Debug|x64.ActiveCfg = Debug|Any CPU
		{1D56F595-916D-4986-AFEE-B9F121083B17}.Debug|x64.Build.0 = Debug|Any CPU
		{1D56F595-916D-4986-AFEE-B9F121083B17}.Debug|x86.ActiveCfg = Debug|Any CPU
		{1D56F595-916D-4986-AFEE-B9F121083B17}.Debug|x86.Build.0 = Debug|Any CPU
		{1D56F595-916D-4986-AFEE-B9F121083B17}.Release|Any CPU.ActiveCfg = Release|Any CPU
		{1D56F595-916D-4986-AFEE-B9F121083B17}.Release|Any CPU.Build.0 = Release|Any CPU
		{1D56F595-916D-4986-AFEE-B9F121083B17}.Release|x64.ActiveCfg = Release|Any CPU
		{1D56F595-916D-4986-AFEE-B9F121083B17}.Release|x64.Build.0 = Release|Any CPU
		{1D56F595-916D-4986-AFEE-B9F121083B17}.Release|x86.ActiveCfg = Release|Any CPU
		{1D56F595-916D-4986-AFEE-B9F121083B17}.Release|x86.Build.0 = Release|Any CPU
	EndGlobalSection
	GlobalSection(SolutionProperties) = preSolution
		HideSolutionNode = FALSE
	EndGlobalSection
EndGlobal
