
Microsoft Visual Studio Solution File, Format Version 12.00
# Visual Studio 14
VisualStudioVersion = 14.0.25420.1
MinimumVisualStudioVersion = 10.0.40219.1
Project("{FAE04EC0-301F-11D3-BF4B-00C04F79EFBC}") = "C19_Ex02_1", "C19_Ex02_1\C19_Ex02_1.csproj", "{02711325-4A58-4A4B-ADA7-D632E2D29369}"
EndProject
Project("{FAE04EC0-301F-11D3-BF4B-00C04F79EFBC}") = "UI", "UI\UI.csproj", "{6CC13E2D-0F20-4610-8EB4-9D1C61797900}"
EndProject
Project("{FAE04EC0-301F-11D3-BF4B-00C04F79EFBC}") = "GameBoardData", "GameBoardData\GameBoardData.csproj", "{A61386AF-EC8C-4391-8E0A-19E3B6CA28B5}"
EndProject
Project("{FAE04EC0-301F-11D3-BF4B-00C04F79EFBC}") = "BullsEye", "BullsEye\BullsEye.csproj", "{1EBC2ECD-9543-4A03-98F0-1F60BE17A9A1}"
EndProject
Project("{FAE04EC0-301F-11D3-BF4B-00C04F79EFBC}") = "InputHandler", "InputHandler\InputHandler.csproj", "{57A505AC-A9FC-4CEB-9A96-58FB8CC0854D}"
EndProject
Global
	GlobalSection(SolutionConfigurationPlatforms) = preSolution
		Debug|Any CPU = Debug|Any CPU
		Release|Any CPU = Release|Any CPU
	EndGlobalSection
	GlobalSection(ProjectConfigurationPlatforms) = postSolution
		{02711325-4A58-4A4B-ADA7-D632E2D29369}.Debug|Any CPU.ActiveCfg = Debug|Any CPU
		{02711325-4A58-4A4B-ADA7-D632E2D29369}.Debug|Any CPU.Build.0 = Debug|Any CPU
		{02711325-4A58-4A4B-ADA7-D632E2D29369}.Release|Any CPU.ActiveCfg = Release|Any CPU
		{02711325-4A58-4A4B-ADA7-D632E2D29369}.Release|Any CPU.Build.0 = Release|Any CPU
		{6CC13E2D-0F20-4610-8EB4-9D1C61797900}.Debug|Any CPU.ActiveCfg = Debug|Any CPU
		{6CC13E2D-0F20-4610-8EB4-9D1C61797900}.Debug|Any CPU.Build.0 = Debug|Any CPU
		{6CC13E2D-0F20-4610-8EB4-9D1C61797900}.Release|Any CPU.ActiveCfg = Release|Any CPU
		{6CC13E2D-0F20-4610-8EB4-9D1C61797900}.Release|Any CPU.Build.0 = Release|Any CPU
		{A61386AF-EC8C-4391-8E0A-19E3B6CA28B5}.Debug|Any CPU.ActiveCfg = Debug|Any CPU
		{A61386AF-EC8C-4391-8E0A-19E3B6CA28B5}.Debug|Any CPU.Build.0 = Debug|Any CPU
		{A61386AF-EC8C-4391-8E0A-19E3B6CA28B5}.Release|Any CPU.ActiveCfg = Release|Any CPU
		{A61386AF-EC8C-4391-8E0A-19E3B6CA28B5}.Release|Any CPU.Build.0 = Release|Any CPU
		{1EBC2ECD-9543-4A03-98F0-1F60BE17A9A1}.Debug|Any CPU.ActiveCfg = Debug|Any CPU
		{1EBC2ECD-9543-4A03-98F0-1F60BE17A9A1}.Debug|Any CPU.Build.0 = Debug|Any CPU
		{1EBC2ECD-9543-4A03-98F0-1F60BE17A9A1}.Release|Any CPU.ActiveCfg = Release|Any CPU
		{1EBC2ECD-9543-4A03-98F0-1F60BE17A9A1}.Release|Any CPU.Build.0 = Release|Any CPU
		{57A505AC-A9FC-4CEB-9A96-58FB8CC0854D}.Debug|Any CPU.ActiveCfg = Debug|Any CPU
		{57A505AC-A9FC-4CEB-9A96-58FB8CC0854D}.Debug|Any CPU.Build.0 = Debug|Any CPU
		{57A505AC-A9FC-4CEB-9A96-58FB8CC0854D}.Release|Any CPU.ActiveCfg = Release|Any CPU
		{57A505AC-A9FC-4CEB-9A96-58FB8CC0854D}.Release|Any CPU.Build.0 = Release|Any CPU
	EndGlobalSection
	GlobalSection(SolutionProperties) = preSolution
		HideSolutionNode = FALSE
	EndGlobalSection
EndGlobal
